
Microsoft Visual Studio Solution File, Format Version 12.00
# Visual Studio 15
VisualStudioVersion = 15.0.28307.271
MinimumVisualStudioVersion = 10.0.40219.1
Project("{FAE04EC0-301F-11D3-BF4B-00C04F79EFBC}") = "00_hello_world", "00_hello_world\00_hello_world.csproj", "{52708224-6483-448F-92A3-EAFD1D7820B1}"
EndProject
Global
	GlobalSection(SolutionConfigurationPlatforms) = preSolution
		Debug|Any CPU = Debug|Any CPU
		Release|Any CPU = Release|Any CPU
	EndGlobalSection
	GlobalSection(ProjectConfigurationPlatforms) = postSolution
		{52708224-6483-448F-92A3-EAFD1D7820B1}.Debug|Any CPU.ActiveCfg = Debug|Any CPU
		{52708224-6483-448F-92A3-EAFD1D7820B1}.Debug|Any CPU.Build.0 = Debug|Any CPU
		{52708224-6483-448F-92A3-EAFD1D7820B1}.Release|Any CPU.ActiveCfg = Release|Any CPU
		{52708224-6483-448F-92A3-EAFD1D7820B1}.Release|Any CPU.Build.0 = Release|Any CPU
	EndGlobalSection
	GlobalSection(SolutionProperties) = preSolution
		HideSolutionNode = FALSE
	EndGlobalSection
	GlobalSection(ExtensibilityGlobals) = postSolution
		SolutionGuid = {0578664A-CE25-4C28-92D1-7FA686C3CE7A}
	EndGlobalSection
EndGlobal
